
Microsoft Visual Studio Solution File, Format Version 12.00
# Visual Studio Version 16
VisualStudioVersion = 16.0.30406.217
MinimumVisualStudioVersion = 10.0.40219.1
Project("{FAE04EC0-301F-11D3-BF4B-00C04F79EFBC}") = "Ejercicio 1", "Ejercicio 1.csproj", "{C98F5DF6-ACBD-4805-BDCF-87152D9FEFD8}"
EndProject
Project("{FAE04EC0-301F-11D3-BF4B-00C04F79EFBC}") = "Ejercicio 2", "..\Ejercicio 2\Ejercicio 2.csproj", "{1A3ABDF4-C5BD-43EB-A9B2-D4D9E042C68D}"
EndProject
Global
	GlobalSection(SolutionConfigurationPlatforms) = preSolution
		Debug|Any CPU = Debug|Any CPU
		Release|Any CPU = Release|Any CPU
	EndGlobalSection
	GlobalSection(ProjectConfigurationPlatforms) = postSolution
		{C98F5DF6-ACBD-4805-BDCF-87152D9FEFD8}.Debug|Any CPU.ActiveCfg = Debug|Any CPU
		{C98F5DF6-ACBD-4805-BDCF-87152D9FEFD8}.Debug|Any CPU.Build.0 = Debug|Any CPU
		{C98F5DF6-ACBD-4805-BDCF-87152D9FEFD8}.Release|Any CPU.ActiveCfg = Release|Any CPU
		{C98F5DF6-ACBD-4805-BDCF-87152D9FEFD8}.Release|Any CPU.Build.0 = Release|Any CPU
		{1A3ABDF4-C5BD-43EB-A9B2-D4D9E042C68D}.Debug|Any CPU.ActiveCfg = Debug|Any CPU
		{1A3ABDF4-C5BD-43EB-A9B2-D4D9E042C68D}.Debug|Any CPU.Build.0 = Debug|Any CPU
		{1A3ABDF4-C5BD-43EB-A9B2-D4D9E042C68D}.Release|Any CPU.ActiveCfg = Release|Any CPU
		{1A3ABDF4-C5BD-43EB-A9B2-D4D9E042C68D}.Release|Any CPU.Build.0 = Release|Any CPU
	EndGlobalSection
	GlobalSection(SolutionProperties) = preSolution
		HideSolutionNode = FALSE
	EndGlobalSection
	GlobalSection(ExtensibilityGlobals) = postSolution
		SolutionGuid = {D02251CE-25F2-4EB1-852D-E335B196EE85}
	EndGlobalSection
EndGlobal
