
Microsoft Visual Studio Solution File, Format Version 12.00
# Visual Studio Version 16
VisualStudioVersion = 16.0.30717.126
MinimumVisualStudioVersion = 10.0.40219.1
Project("{FAE04EC0-301F-11D3-BF4B-00C04F79EFBC}") = "Ejercicio 1", "Ejercicio 1\Ejercicio 1.csproj", "{3C04AD1A-2DE0-49FF-BD84-B538EEBA440E}"
EndProject
Project("{FAE04EC0-301F-11D3-BF4B-00C04F79EFBC}") = "Ejercicio 2", "Ejercicio 2\Ejercicio 2.csproj", "{E309AEE6-7318-4689-94D8-5C1894305BCB}"
EndProject
Global
	GlobalSection(SolutionConfigurationPlatforms) = preSolution
		Debug|Any CPU = Debug|Any CPU
		Release|Any CPU = Release|Any CPU
	EndGlobalSection
	GlobalSection(ProjectConfigurationPlatforms) = postSolution
		{3C04AD1A-2DE0-49FF-BD84-B538EEBA440E}.Debug|Any CPU.ActiveCfg = Debug|Any CPU
		{3C04AD1A-2DE0-49FF-BD84-B538EEBA440E}.Debug|Any CPU.Build.0 = Debug|Any CPU
		{3C04AD1A-2DE0-49FF-BD84-B538EEBA440E}.Release|Any CPU.ActiveCfg = Release|Any CPU
		{3C04AD1A-2DE0-49FF-BD84-B538EEBA440E}.Release|Any CPU.Build.0 = Release|Any CPU
		{E309AEE6-7318-4689-94D8-5C1894305BCB}.Debug|Any CPU.ActiveCfg = Debug|Any CPU
		{E309AEE6-7318-4689-94D8-5C1894305BCB}.Debug|Any CPU.Build.0 = Debug|Any CPU
		{E309AEE6-7318-4689-94D8-5C1894305BCB}.Release|Any CPU.ActiveCfg = Release|Any CPU
		{E309AEE6-7318-4689-94D8-5C1894305BCB}.Release|Any CPU.Build.0 = Release|Any CPU
	EndGlobalSection
	GlobalSection(SolutionProperties) = preSolution
		HideSolutionNode = FALSE
	EndGlobalSection
	GlobalSection(ExtensibilityGlobals) = postSolution
		SolutionGuid = {E0B63AAC-7EC1-46CE-9F47-C01E37878654}
	EndGlobalSection
EndGlobal
